
Microsoft Visual Studio Solution File, Format Version 12.00
# Visual Studio 15
VisualStudioVersion = 15.0.28010.2046
MinimumVisualStudioVersion = 10.0.40219.1
Project("{8BC9CEB8-8B4A-11D0-8D11-00A0C91BC942}") = "STG", "STG.vcxproj", "{DD375811-A3A6-4112-95C3-72AF14E8D7EF}"
EndProject
Global
	GlobalSection(SolutionConfigurationPlatforms) = preSolution
		Debug|x64 = Debug|x64
		Debug|x86 = Debug|x86
		Release|x64 = Release|x64
		Release|x86 = Release|x86
	EndGlobalSection
	GlobalSection(ProjectConfigurationPlatforms) = postSolution
		{DD375811-A3A6-4112-95C3-72AF14E8D7EF}.Debug|x64.ActiveCfg = Debug|x64
		{DD375811-A3A6-4112-95C3-72AF14E8D7EF}.Debug|x64.Build.0 = Debug|x64
		{DD375811-A3A6-4112-95C3-72AF14E8D7EF}.Debug|x86.ActiveCfg = Debug|Win32
		{DD375811-A3A6-4112-95C3-72AF14E8D7EF}.Debug|x86.Build.0 = Debug|Win32
		{DD375811-A3A6-4112-95C3-72AF14E8D7EF}.Release|x64.ActiveCfg = Release|x64
		{DD375811-A3A6-4112-95C3-72AF14E8D7EF}.Release|x64.Build.0 = Release|x64
		{DD375811-A3A6-4112-95C3-72AF14E8D7EF}.Release|x86.ActiveCfg = Release|Win32
		{DD375811-A3A6-4112-95C3-72AF14E8D7EF}.Release|x86.Build.0 = Release|Win32
	EndGlobalSection
	GlobalSection(SolutionProperties) = preSolution
		HideSolutionNode = FALSE
	EndGlobalSection
	GlobalSection(ExtensibilityGlobals) = postSolution
		SolutionGuid = {5E4F71FC-009D-4E01-B7CD-8A5DDC01424D}
	EndGlobalSection
EndGlobal
