<?xml version="1.0" encoding="utf-8"?>
<Project ToolsVersion="4.0" xmlns="http://schemas.microsoft.com/developer/msbuild/2003">
  <ItemGroup>
    <Filter Include="ソース ファイル">
      <UniqueIdentifier>{4FC737F1-C7A5-4376-A066-2A32D752A2FF}</UniqueIdentifier>
      <Extensions>cpp;c;cc;cxx;def;odl;idl;hpj;bat;asm;asmx</Extensions>
    </Filter>
    <Filter Include="ヘッダー ファイル">
      <UniqueIdentifier>{93995380-89BD-4b04-88EB-625FBE52EBFB}</UniqueIdentifier>
      <Extensions>h;hh;hpp;hxx;hm;inl;inc;ipp;xsd</Extensions>
    </Filter>
    <Filter Include="リソース ファイル">
      <UniqueIdentifier>{67DA6AB6-F800-4c08-8B7A-83BB121AAD01}</UniqueIdentifier>
      <Extensions>rc;ico;cur;bmp;dlg;rc2;rct;bin;rgs;gif;jpg;jpeg;jpe;resx;tiff;tif;png;wav;mfcribbon-ms</Extensions>
    </Filter>
    <Filter Include="ソース ファイル\Scene">
      <UniqueIdentifier>{35ba9ccb-ddd5-47dd-8a2c-03a1f86d40ae}</UniqueIdentifier>
    </Filter>
    <Filter Include="ヘッダー ファイル\Scene">
      <UniqueIdentifier>{cf324060-c0d2-40e7-af09-eb390f924700}</UniqueIdentifier>
    </Filter>
    <Filter Include="ヘッダー ファイル\System">
      <UniqueIdentifier>{5a6e52c2-5509-4875-8312-09825150fa19}</UniqueIdentifier>
    </Filter>
    <Filter Include="ソース ファイル\System">
      <UniqueIdentifier>{c62bba2d-3e4e-472f-a4e1-dff968efdba2}</UniqueIdentifier>
    </Filter>
    <Filter Include="ソース ファイル\Object">
      <UniqueIdentifier>{a21ba79c-049b-4f8f-b702-efe22745a1c1}</UniqueIdentifier>
    </Filter>
    <Filter Include="ヘッダー ファイル\Object">
      <UniqueIdentifier>{56e16ca1-1c28-410f-8426-9384be3c463c}</UniqueIdentifier>
    </Filter>
    <Filter Include="ソース ファイル\Object\Move">
      <UniqueIdentifier>{95ff38b8-4cda-4d75-8094-c182193d5831}</UniqueIdentifier>
    </Filter>
    <Filter Include="ヘッダー ファイル\Object\Move">
      <UniqueIdentifier>{836ff560-359b-487c-a002-dfb05d927b09}</UniqueIdentifier>
    </Filter>
    <Filter Include="ソース ファイル\Object\PlayerBullet">
      <UniqueIdentifier>{ddd48233-4297-40e6-9aee-b042e04404dd}</UniqueIdentifier>
    </Filter>
    <Filter Include="ソース ファイル\Object\PlayerBullet\Factory">
      <UniqueIdentifier>{c9adbfda-0e96-44fd-aba1-5a391803e2cf}</UniqueIdentifier>
    </Filter>
    <Filter Include="ヘッダー ファイル\Object\PlayerBullet">
      <UniqueIdentifier>{ccf7768d-4283-4744-a85e-6bf7e34b477d}</UniqueIdentifier>
    </Filter>
    <Filter Include="ヘッダー ファイル\Object\PlayerBullet\Factory">
      <UniqueIdentifier>{1cb57380-e0ff-4d9a-898d-76afc5a88d5d}</UniqueIdentifier>
    </Filter>
    <Filter Include="ソース ファイル\Object\Player">
      <UniqueIdentifier>{6170dca5-e954-4853-b3be-e870b4959f34}</UniqueIdentifier>
    </Filter>
    <Filter Include="ヘッダー ファイル\Object\Player">
      <UniqueIdentifier>{7d2eedc0-777c-4eba-b7a6-1defa4b2c279}</UniqueIdentifier>
    </Filter>
    <Filter Include="ソース ファイル\Object\Player\Weapon">
      <UniqueIdentifier>{38a2e885-2b4a-48b3-ad0f-39e3f6959cbc}</UniqueIdentifier>
    </Filter>
    <Filter Include="ヘッダー ファイル\Object\Player\Weapon">
      <UniqueIdentifier>{eba41f5f-cbe4-4dea-96f1-a8d839a425e7}</UniqueIdentifier>
    </Filter>
    <Filter Include="ソース ファイル\Object\OutOfScreen">
      <UniqueIdentifier>{8154ad51-3b19-4ad6-b854-e366136a8519}</UniqueIdentifier>
    </Filter>
    <Filter Include="ヘッダー ファイル\Object\OutOfScreen">
      <UniqueIdentifier>{1b2b7b2f-b22d-4fcf-9b9d-c628e2354a46}</UniqueIdentifier>
    </Filter>
    <Filter Include="ソース ファイル\Object\Enemy">
      <UniqueIdentifier>{5d2f092f-3605-4517-a59c-5686d11596c4}</UniqueIdentifier>
    </Filter>
    <Filter Include="ソース ファイル\Object\EnemyBullet">
      <UniqueIdentifier>{55744e7c-6eb8-4084-9d21-234a73015db9}</UniqueIdentifier>
    </Filter>
    <Filter Include="ソース ファイル\Object\EnemyBullet\Factory">
      <UniqueIdentifier>{52253b5b-db69-4b11-a8f4-40472156d72c}</UniqueIdentifier>
    </Filter>
    <Filter Include="ヘッダー ファイル\Object\Enemy">
      <UniqueIdentifier>{226c4838-6546-4218-8655-2abfbcaafc7e}</UniqueIdentifier>
    </Filter>
    <Filter Include="ソース ファイル\Object\EnemyBullet\Shot">
      <UniqueIdentifier>{5e9c6ddf-7e3b-42df-b4bd-56724385fcad}</UniqueIdentifier>
    </Filter>
    <Filter Include="ヘッダー ファイル\Object\EnemyBullet">
      <UniqueIdentifier>{2f88dc4b-ef53-42da-9097-d937122d0de6}</UniqueIdentifier>
    </Filter>
    <Filter Include="ヘッダー ファイル\Object\EnemyBullet\Factory">
      <UniqueIdentifier>{d0349a20-4110-4c39-bd05-607a6d79406c}</UniqueIdentifier>
    </Filter>
    <Filter Include="ヘッダー ファイル\Object\EnemyBullet\Shot">
      <UniqueIdentifier>{18401ced-8f87-4e32-a0fd-f029e533b50e}</UniqueIdentifier>
    </Filter>
    <Filter Include="ソース ファイル\Object\Effect">
      <UniqueIdentifier>{d732f2ac-2352-4aa6-be60-25cbc7740a0f}</UniqueIdentifier>
    </Filter>
    <Filter Include="ソース ファイル\Object\Enemy\Boss">
      <UniqueIdentifier>{dde93b1e-cece-4253-ab68-241786b25984}</UniqueIdentifier>
    </Filter>
    <Filter Include="ソース ファイル\Object\Enemy\Weapon">
      <UniqueIdentifier>{ee751143-3127-468b-9cbf-201b4936f262}</UniqueIdentifier>
    </Filter>
    <Filter Include="ソース ファイル\Object\Shape">
      <UniqueIdentifier>{a6cabdc6-c751-472b-a8f9-8f25e53f9160}</UniqueIdentifier>
    </Filter>
    <Filter Include="ソース ファイル\Object\Enemy\Small">
      <UniqueIdentifier>{75782a7b-951b-4f86-9036-fd4f96260365}</UniqueIdentifier>
    </Filter>
    <Filter Include="ヘッダー ファイル\Object\Enemy\Small">
      <UniqueIdentifier>{311d1893-20b5-40c5-8ded-9efdf8d59e5a}</UniqueIdentifier>
    </Filter>
    <Filter Include="ヘッダー ファイル\Object\Enemy\Weapon">
      <UniqueIdentifier>{8f7e3d87-a06d-4bc2-a096-13f4c92e0217}</UniqueIdentifier>
    </Filter>
    <Filter Include="ヘッダー ファイル\Object\Shape">
      <UniqueIdentifier>{6a281fe5-d7dc-4c6d-bc73-9cc2eab40aa1}</UniqueIdentifier>
    </Filter>
    <Filter Include="ヘッダー ファイル\Object\Enemy\Boss">
      <UniqueIdentifier>{eae3c081-9b82-43fb-a9d2-31380beef4f4}</UniqueIdentifier>
    </Filter>
    <Filter Include="ヘッダー ファイル\Object\Effect">
      <UniqueIdentifier>{d0cc9502-2a5b-45ec-b592-79d56be218ec}</UniqueIdentifier>
    </Filter>
    <Filter Include="ソース ファイル\Object\Enemy\Small\Factory">
      <UniqueIdentifier>{33d03b19-aac6-4fe8-b7c1-797c73e362bb}</UniqueIdentifier>
    </Filter>
    <Filter Include="ヘッダー ファイル\Object\Enemy\Small\Factory">
      <UniqueIdentifier>{7f6594af-9ee9-48af-8c4c-42ca3d80a0be}</UniqueIdentifier>
    </Filter>
    <Filter Include="ソース ファイル\Object\Enemy\Boss\Behavior">
      <UniqueIdentifier>{139b0665-f670-4aa3-91b2-334f0c964d56}</UniqueIdentifier>
    </Filter>
    <Filter Include="ヘッダー ファイル\Object\Enemy\Boss\Behavior">
      <UniqueIdentifier>{b866db33-0e3c-4e83-9a20-51703e143697}</UniqueIdentifier>
    </Filter>
  </ItemGroup>
  <ItemGroup>
    <ClCompile Include="main.cpp">
      <Filter>ソース ファイル</Filter>
    </ClCompile>
    <ClCompile Include="Game\Object\Move\CAppearanceMove.cpp">
      <Filter>ソース ファイル\Object\Move</Filter>
    </ClCompile>
    <ClCompile Include="Game\Object\Boss\CBaseBoss.cpp">
      <Filter>ソース ファイル\Object\Enemy\Boss</Filter>
    </ClCompile>
    <ClCompile Include="Game\Object\Boss\Behavior\CBaseBossBehavior.cpp">
      <Filter>ソース ファイル\Object\Enemy\Boss\Behavior</Filter>
    </ClCompile>
    <ClCompile Include="Game\Object\Effect\CBaseEffect.cpp">
      <Filter>ソース ファイル\Object\Effect</Filter>
    </ClCompile>
    <ClCompile Include="Game\Object\Enemy\CBaseEnemy.cpp">
      <Filter>ソース ファイル\Object\Enemy\Small</Filter>
    </ClCompile>
    <ClCompile Include="Game\Object\EnemyBullet\CBaseEnemyBullet.cpp">
      <Filter>ソース ファイル\Object\EnemyBullet</Filter>
    </ClCompile>
    <ClCompile Include="Game\Object\EnemyBullet\Factory\CBaseEnemyBulletFactory.cpp">
      <Filter>ソース ファイル\Object\EnemyBullet\Factory</Filter>
    </ClCompile>
    <ClCompile Include="Game\Object\Enemy\Factory\CBaseEnemyFactory.cpp">
      <Filter>ソース ファイル\Object\Enemy\Small\Factory</Filter>
    </ClCompile>
    <ClCompile Include="Game\Object\EnemyBullet\Weapon\CBaseEnemyWeapon.cpp">
      <Filter>ソース ファイル\Object\Enemy\Weapon</Filter>
    </ClCompile>
    <ClCompile Include="Game\Object\EnemyBullet\Shot\CBaseEnemyShot.cpp">
      <Filter>ソース ファイル\Object\EnemyBullet\Shot</Filter>
    </ClCompile>
    <ClCompile Include="Game\Object\Move\CBaseMove.cpp">
      <Filter>ソース ファイル\Object\Move</Filter>
    </ClCompile>
    <ClCompile Include="Game\Object\OutOfScreen\CBaseOutOfScreen.cpp">
      <Filter>ソース ファイル\Object\OutOfScreen</Filter>
    </ClCompile>
    <ClCompile Include="Game\Object\PlayerBullet\CBasePlayerBullet.cpp">
      <Filter>ソース ファイル\Object\PlayerBullet</Filter>
    </ClCompile>
    <ClCompile Include="Game\Object\PlayerBullet\Factory\CBasePlayerBulletFactory.cpp">
      <Filter>ソース ファイル\Object\PlayerBullet\Factory</Filter>
    </ClCompile>
    <ClCompile Include="Game\Object\PlayerBullet\Weapon\CBasePlayerWeapon.cpp">
      <Filter>ソース ファイル\Object\Player\Weapon</Filter>
    </ClCompile>
    <ClCompile Include="Game\Object\CBaseObject.cpp">
      <Filter>ソース ファイル\Object</Filter>
    </ClCompile>
    <ClCompile Include="Scene\CBaseScene.cpp">
      <Filter>ソース ファイル\Scene</Filter>
    </ClCompile>
    <ClCompile Include="Game\Object\Shape\CBaseShape.cpp">
      <Filter>ソース ファイル\Object\Shape</Filter>
    </ClCompile>
    <ClCompile Include="Game\Object\Boss\Graphic\CBossGraphic.cpp">
      <Filter>ソース ファイル\Object\Enemy\Boss</Filter>
    </ClCompile>
    <ClCompile Include="Game\Object\Boss\Behavior\CCircle1BossBehavior.cpp">
      <Filter>ソース ファイル\Object\Enemy\Boss\Behavior</Filter>
    </ClCompile>
    <ClCompile Include="Game\Object\Boss\Behavior\CCircle2BossBehavior.cpp">
      <Filter>ソース ファイル\Object\Enemy\Boss\Behavior</Filter>
    </ClCompile>
    <ClCompile Include="Game\Object\Boss\Behavior\CCircle3BossBehavior.cpp">
      <Filter>ソース ファイル\Object\Enemy\Boss\Behavior</Filter>
    </ClCompile>
    <ClCompile Include="Game\Object\Boss\Behavior\CCircle4BossBehavior.cpp">
      <Filter>ソース ファイル\Object\Enemy\Boss\Behavior</Filter>
    </ClCompile>
    <ClCompile Include="Game\Object\Boss\Behavior\CCircle5BossBehavior.cpp">
      <Filter>ソース ファイル\Object\Enemy\Boss\Behavior</Filter>
    </ClCompile>
    <ClCompile Include="Game\Object\EnemyBullet\Shot\CCircleEnemyShot.cpp">
      <Filter>ソース ファイル\Object\EnemyBullet\Shot</Filter>
    </ClCompile>
    <ClCompile Include="Game\Object\Shape\CCircle.cpp">
      <Filter>ソース ファイル\Object\Shape</Filter>
    </ClCompile>
    <ClCompile Include="Game\Object\EnemyBullet\Weapon\CCircleEnemyWeapon.cpp">
      <Filter>ソース ファイル\Object\Enemy\Weapon</Filter>
    </ClCompile>
    <ClCompile Include="Game\Object\CCollision.cpp">
      <Filter>ソース ファイル\Object</Filter>
    </ClCompile>
    <ClCompile Include="System\CDrawString.cpp">
      <Filter>ソース ファイル\System</Filter>
    </ClCompile>
    <ClCompile Include="Game\Object\EnemyBullet\CExplodeEnemyBullet.cpp">
      <Filter>ソース ファイル\Object\EnemyBullet</Filter>
    </ClCompile>
    <ClCompile Include="Game\Object\EnemyBullet\Factory\CExplodeEnemyBulletFactory.cpp">
      <Filter>ソース ファイル\Object\EnemyBullet\Factory</Filter>
    </ClCompile>
    <ClCompile Include="Game\Object\OutOfScreen\CDeleteOutOfScreen.cpp">
      <Filter>ソース ファイル\Object\OutOfScreen</Filter>
    </ClCompile>
    <ClCompile Include="System\CGameManager.cpp">
      <Filter>ソース ファイル\System</Filter>
    </ClCompile>
    <ClCompile Include="System\CImage.cpp">
      <Filter>ソース ファイル\System</Filter>
    </ClCompile>
    <ClCompile Include="System\CKeyFacade.cpp">
      <Filter>ソース ファイル\System</Filter>
    </ClCompile>
    <ClCompile Include="Game\Object\Move\CGoToMove.cpp">
      <Filter>ソース ファイル\Object\Move</Filter>
    </ClCompile>
    <ClCompile Include="Game\Object\Boss\Behavior\CGear1BossBehavior.cpp">
      <Filter>ソース ファイル\Object\Enemy\Boss\Behavior</Filter>
    </ClCompile>
    <ClCompile Include="Game\Object\Boss\Behavior\CHexagon1BossBehavior.cpp">
      <Filter>ソース ファイル\Object\Enemy\Boss\Behavior</Filter>
    </ClCompile>
    <ClCompile Include="Game\Object\Enemy\Graphic\CEnemyGraphic.cpp">
      <Filter>ソース ファイル\Object\Enemy\Small</Filter>
    </ClCompile>
    <ClCompile Include="Scene\CHowToPlayScene.cpp">
      <Filter>ソース ファイル\Scene</Filter>
    </ClCompile>
    <ClCompile Include="Game\Object\Effect\CNormalEffect.cpp">
      <Filter>ソース ファイル\Object\Effect</Filter>
    </ClCompile>
    <ClCompile Include="Game\Object\EnemyBullet\CNormalEnemyBullet.cpp">
      <Filter>ソース ファイル\Object\EnemyBullet</Filter>
    </ClCompile>
    <ClCompile Include="Game\Object\Boss\CNormalBoss.cpp">
      <Filter>ソース ファイル\Object\Enemy\Boss</Filter>
    </ClCompile>
    <ClCompile Include="Game\Object\Enemy\CNormalEnemy.cpp">
      <Filter>ソース ファイル\Object\Enemy\Small</Filter>
    </ClCompile>
    <ClCompile Include="Game\Object\EnemyBullet\Factory\CNormalEnemyBulletFactory.cpp">
      <Filter>ソース ファイル\Object\EnemyBullet\Factory</Filter>
    </ClCompile>
    <ClCompile Include="Game\Object\PlayerBullet\CNormalPlayerBullet.cpp">
      <Filter>ソース ファイル\Object\PlayerBullet</Filter>
    </ClCompile>
    <ClCompile Include="Game\Object\PlayerBullet\Factory\CNormalPlayerBulletFactory.cpp">
      <Filter>ソース ファイル\Object\PlayerBullet\Factory</Filter>
    </ClCompile>
    <ClCompile Include="Game\Object\PlayerBullet\Weapon\CNWayPlayerWeapon.cpp">
      <Filter>ソース ファイル\Object\Player\Weapon</Filter>
    </ClCompile>
    <ClCompile Include="Game\Object\Player\CPlayer.cpp">
      <Filter>ソース ファイル\Object\Player</Filter>
    </ClCompile>
    <ClCompile Include="Game\Object\Move\CPlayerMove.cpp">
      <Filter>ソース ファイル\Object\Move</Filter>
    </ClCompile>
    <ClCompile Include="System\CParameter.cpp">
      <Filter>ソース ファイル\System</Filter>
    </ClCompile>
    <ClCompile Include="System\CRandom.cpp">
      <Filter>ソース ファイル\System</Filter>
    </ClCompile>
    <ClCompile Include="Game\Object\Boss\CDisplayBoss.cpp">
      <Filter>ソース ファイル\Object\Enemy\Boss</Filter>
    </ClCompile>
    <ClCompile Include="Game\Object\CObjectManager.cpp">
      <Filter>ソース ファイル\Object</Filter>
    </ClCompile>
    <ClCompile Include="Game\Object\EnemyBullet\Weapon\CRandomEnemyWeapon.cpp">
      <Filter>ソース ファイル\Object\Enemy\Weapon</Filter>
    </ClCompile>
    <ClCompile Include="Scene\CPlayScene.cpp">
      <Filter>ソース ファイル\Scene</Filter>
    </ClCompile>
    <ClCompile Include="Game\Object\Move\CRandomFlyMove.cpp">
      <Filter>ソース ファイル\Object\Move</Filter>
    </ClCompile>
    <ClCompile Include="Scene\CTitleScene.cpp">
      <Filter>ソース ファイル\Scene</Filter>
    </ClCompile>
    <ClCompile Include="Game\Object\Move\CStraightMove.cpp">
      <Filter>ソース ファイル\Object\Move</Filter>
    </ClCompile>
    <ClCompile Include="Game\Object\Shape\CRect.cpp">
      <Filter>ソース ファイル\Object\Shape</Filter>
    </ClCompile>
    <ClCompile Include="Game\Object\OutOfScreen\CRestrictOutOfScreen.cpp">
      <Filter>ソース ファイル\Object\OutOfScreen</Filter>
    </ClCompile>
    <ClCompile Include="Game\Object\Move\CReflectMove.cpp">
      <Filter>ソース ファイル\Object\Move</Filter>
    </ClCompile>
    <ClCompile Include="System\CSceneImage.cpp">
      <Filter>ソース ファイル\System</Filter>
    </ClCompile>
    <ClCompile Include="System\CSingleton.cpp">
      <Filter>ソース ファイル\System</Filter>
    </ClCompile>
    <ClCompile Include="Scene\CSceneManager.cpp">
      <Filter>ソース ファイル\Scene</Filter>
    </ClCompile>
    <ClCompile Include="Scene\CStageSelectScene.cpp">
      <Filter>ソース ファイル\Scene</Filter>
    </ClCompile>
    <ClCompile Include="Game\Object\Boss\Behavior\CSquare1BossBehavior.cpp">
      <Filter>ソース ファイル\Object\Enemy\Boss\Behavior</Filter>
    </ClCompile>
    <ClCompile Include="Game\Object\PlayerBullet\Weapon\CSpreadEnemyWeapon.cpp">
      <Filter>ソース ファイル\Object\Enemy\Weapon</Filter>
    </ClCompile>
    <ClCompile Include="Game\Object\HP\CBaseHP.cpp">
      <Filter>ソース ファイル\Object\Enemy</Filter>
    </ClCompile>
    <ClCompile Include="Game\Object\HP\CBossHP.cpp">
      <Filter>ソース ファイル\Object\Enemy\Boss</Filter>
    </ClCompile>
    <ClCompile Include="Game\Object\HP\CNormalHP.cpp">
      <Filter>ソース ファイル\Object\Enemy</Filter>
    </ClCompile>
  </ItemGroup>
  <ItemGroup>
    <ClInclude Include="Game\Object\Move\CAppearanceMove.h">
      <Filter>ヘッダー ファイル\Object\Move</Filter>
    </ClInclude>
    <ClInclude Include="Game\Object\Boss\CBaseBoss.h">
      <Filter>ヘッダー ファイル\Object\Enemy\Boss</Filter>
    </ClInclude>
    <ClInclude Include="Game\Object\Boss\Behavior\CBaseBossBehavior.h">
      <Filter>ヘッダー ファイル\Object\Enemy\Boss\Behavior</Filter>
    </ClInclude>
    <ClInclude Include="Game\Object\Effect\CBaseEffect.h">
      <Filter>ヘッダー ファイル\Object\Effect</Filter>
    </ClInclude>
    <ClInclude Include="Game\Object\Enemy\CBaseEnemy.h">
      <Filter>ヘッダー ファイル\Object\Enemy\Small</Filter>
    </ClInclude>
    <ClInclude Include="Game\Object\EnemyBullet\CBaseEnemyBullet.h">
      <Filter>ヘッダー ファイル\Object\EnemyBullet</Filter>
    </ClInclude>
    <ClInclude Include="Game\Object\EnemyBullet\Factory\CBaseEnemyBulletFactory.h">
      <Filter>ヘッダー ファイル\Object\EnemyBullet\Factory</Filter>
    </ClInclude>
    <ClInclude Include="Game\Object\Enemy\Factory\CBaseEnemyFactory.h">
      <Filter>ヘッダー ファイル\Object\Enemy\Small\Factory</Filter>
    </ClInclude>
    <ClInclude Include="Game\Object\EnemyBullet\Weapon\CBaseEnemyWeapon.h">
      <Filter>ヘッダー ファイル\Object\Enemy\Weapon</Filter>
    </ClInclude>
    <ClInclude Include="Game\Object\EnemyBullet\Shot\CBaseEnemyShot.h">
      <Filter>ヘッダー ファイル\Object\EnemyBullet\Shot</Filter>
    </ClInclude>
    <ClInclude Include="Game\Object\Move\CBaseMove.h">
      <Filter>ヘッダー ファイル\Object\Move</Filter>
    </ClInclude>
    <ClInclude Include="Game\Object\OutOfScreen\CBaseOutOfScreen.h">
      <Filter>ヘッダー ファイル\Object\OutOfScreen</Filter>
    </ClInclude>
    <ClInclude Include="Game\Object\PlayerBullet\CBasePlayerBullet.h">
      <Filter>ヘッダー ファイル\Object\PlayerBullet</Filter>
    </ClInclude>
    <ClInclude Include="Game\Object\PlayerBullet\Factory\CBasePlayerBulletFactory.h">
      <Filter>ヘッダー ファイル\Object\PlayerBullet\Factory</Filter>
    </ClInclude>
    <ClInclude Include="Game\Object\PlayerBullet\Weapon\CBasePlayerWeapon.h">
      <Filter>ヘッダー ファイル\Object\Player\Weapon</Filter>
    </ClInclude>
    <ClInclude Include="Game\Object\CBaseObject.h">
      <Filter>ヘッダー ファイル\Object</Filter>
    </ClInclude>
    <ClInclude Include="Scene\CBaseScene.h">
      <Filter>ヘッダー ファイル\Scene</Filter>
    </ClInclude>
    <ClInclude Include="Game\Object\Shape\CBaseShape.h">
      <Filter>ヘッダー ファイル\Object\Shape</Filter>
    </ClInclude>
    <ClInclude Include="Game\Object\Boss\Graphic\CBossGraphic.h">
      <Filter>ヘッダー ファイル\Object\Enemy\Boss</Filter>
    </ClInclude>
    <ClInclude Include="Game\Object\Boss\Behavior\CCircle5BossBehavior.h">
      <Filter>ヘッダー ファイル\Object\Enemy\Boss\Behavior</Filter>
    </ClInclude>
    <ClInclude Include="Game\Object\Boss\Behavior\CCircle1BossBehavior.h">
      <Filter>ヘッダー ファイル\Object\Enemy\Boss\Behavior</Filter>
    </ClInclude>
    <ClInclude Include="Game\Object\Boss\Behavior\CCircle2BossBehavior.h">
      <Filter>ヘッダー ファイル\Object\Enemy\Boss\Behavior</Filter>
    </ClInclude>
    <ClInclude Include="Game\Object\Boss\Behavior\CCircle3BossBehavior.h">
      <Filter>ヘッダー ファイル\Object\Enemy\Boss\Behavior</Filter>
    </ClInclude>
    <ClInclude Include="Game\Object\Boss\Behavior\CCircle4BossBehavior.h">
      <Filter>ヘッダー ファイル\Object\Enemy\Boss\Behavior</Filter>
    </ClInclude>
    <ClInclude Include="Game\Object\EnemyBullet\Shot\CCircleEnemyShot.h">
      <Filter>ヘッダー ファイル\Object\EnemyBullet\Shot</Filter>
    </ClInclude>
    <ClInclude Include="Game\Object\Shape\CCircle.h">
      <Filter>ヘッダー ファイル\Object\Shape</Filter>
    </ClInclude>
    <ClInclude Include="Game\Object\EnemyBullet\Weapon\CCircleEnemyWeapon.h">
      <Filter>ヘッダー ファイル\Object\Enemy\Weapon</Filter>
    </ClInclude>
    <ClInclude Include="Game\Object\CCollision.h">
      <Filter>ヘッダー ファイル\Object</Filter>
    </ClInclude>
    <ClInclude Include="System\CDrawString.h">
      <Filter>ヘッダー ファイル\System</Filter>
    </ClInclude>
    <ClInclude Include="Game\Object\EnemyBullet\CExplodeEnemyBullet.h">
      <Filter>ヘッダー ファイル\Object\EnemyBullet</Filter>
    </ClInclude>
    <ClInclude Include="Game\Object\EnemyBullet\Factory\CExplodeEnemyBulletFactory.h">
      <Filter>ヘッダー ファイル\Object\EnemyBullet\Factory</Filter>
    </ClInclude>
    <ClInclude Include="Game\Object\OutOfScreen\CDeleteOutOfScreen.h">
      <Filter>ヘッダー ファイル\Object\OutOfScreen</Filter>
    </ClInclude>
    <ClInclude Include="System\CGameManager.h">
      <Filter>ヘッダー ファイル\System</Filter>
    </ClInclude>
    <ClInclude Include="System\CImage.h">
      <Filter>ヘッダー ファイル\System</Filter>
    </ClInclude>
    <ClInclude Include="System\CKeyFacade.h">
      <Filter>ヘッダー ファイル\System</Filter>
    </ClInclude>
    <ClInclude Include="Game\Object\Move\CGoToMove.h">
      <Filter>ヘッダー ファイル\Object\Move</Filter>
    </ClInclude>
    <ClInclude Include="Game\Object\Boss\Behavior\CGear1BossBehavior.h">
      <Filter>ヘッダー ファイル\Object\Enemy\Boss\Behavior</Filter>
    </ClInclude>
    <ClInclude Include="Game\Object\Boss\Behavior\CHexagon1BossBehavior.h">
      <Filter>ヘッダー ファイル\Object\Enemy\Boss\Behavior</Filter>
    </ClInclude>
    <ClInclude Include="Game\Object\Enemy\Graphic\CEnemyGraphic.h">
      <Filter>ヘッダー ファイル\Object\Enemy\Small</Filter>
    </ClInclude>
    <ClInclude Include="Scene\CHowToPlayScene.h">
      <Filter>ヘッダー ファイル\Scene</Filter>
    </ClInclude>
    <ClInclude Include="Game\Object\Effect\CNormalEffect.h">
      <Filter>ヘッダー ファイル\Object\Effect</Filter>
    </ClInclude>
    <ClInclude Include="Game\Object\EnemyBullet\CNormalEnemyBullet.h">
      <Filter>ヘッダー ファイル\Object\EnemyBullet</Filter>
    </ClInclude>
    <ClInclude Include="Game\Object\Boss\CNormalBoss.h">
      <Filter>ヘッダー ファイル\Object\Enemy\Boss</Filter>
    </ClInclude>
    <ClInclude Include="Game\Object\Enemy\CNormalEnemy.h">
      <Filter>ヘッダー ファイル\Object\Enemy\Small</Filter>
    </ClInclude>
    <ClInclude Include="Game\Object\EnemyBullet\Factory\CNormalEnemyBulletFactory.h">
      <Filter>ヘッダー ファイル\Object\EnemyBullet\Factory</Filter>
    </ClInclude>
    <ClInclude Include="Game\Object\PlayerBullet\CNormalPlayerBullet.h">
      <Filter>ヘッダー ファイル\Object\PlayerBullet</Filter>
    </ClInclude>
    <ClInclude Include="Game\Object\PlayerBullet\Factory\CNormalPlayerBulletFactory.h">
      <Filter>ヘッダー ファイル\Object\PlayerBullet\Factory</Filter>
    </ClInclude>
    <ClInclude Include="Game\Object\PlayerBullet\Weapon\CNWayPlayerWeapon.h">
      <Filter>ヘッダー ファイル\Object\Player\Weapon</Filter>
    </ClInclude>
    <ClInclude Include="Game\Object\Player\CPlayer.h">
      <Filter>ヘッダー ファイル\Object\Player</Filter>
    </ClInclude>
    <ClInclude Include="Game\Object\Move\CPlayerMove.h">
      <Filter>ヘッダー ファイル\Object\Move</Filter>
    </ClInclude>
    <ClInclude Include="System\CParameter.h">
      <Filter>ヘッダー ファイル\System</Filter>
    </ClInclude>
    <ClInclude Include="System\CRandom.h">
      <Filter>ヘッダー ファイル\System</Filter>
    </ClInclude>
    <ClInclude Include="Game\Object\Boss\CDisplayBoss.h">
      <Filter>ヘッダー ファイル\Object\Enemy\Boss</Filter>
    </ClInclude>
    <ClInclude Include="Game\Object\CObjectManager.h">
      <Filter>ヘッダー ファイル\Object</Filter>
    </ClInclude>
    <ClInclude Include="Game\Object\EnemyBullet\Weapon\CRandomEnemyWeapon.h">
      <Filter>ヘッダー ファイル\Object\Enemy\Weapon</Filter>
    </ClInclude>
    <ClInclude Include="Scene\CPlayScene.h">
      <Filter>ヘッダー ファイル\Scene</Filter>
    </ClInclude>
    <ClInclude Include="Game\Object\Move\CRandomFlyMove.h">
      <Filter>ヘッダー ファイル\Object\Move</Filter>
    </ClInclude>
    <ClInclude Include="Scene\CTitleScene.h">
      <Filter>ヘッダー ファイル\Scene</Filter>
    </ClInclude>
    <ClInclude Include="Game\Object\Move\CStraightMove.h">
      <Filter>ヘッダー ファイル\Object\Move</Filter>
    </ClInclude>
    <ClInclude Include="Game\Object\Shape\CRect.h">
      <Filter>ヘッダー ファイル\Object\Shape</Filter>
    </ClInclude>
    <ClInclude Include="Game\Object\OutOfScreen\CRestrictOutOfScreen.h">
      <Filter>ヘッダー ファイル\Object\OutOfScreen</Filter>
    </ClInclude>
    <ClInclude Include="Game\Object\Move\CReflectMove.h">
      <Filter>ヘッダー ファイル\Object\Move</Filter>
    </ClInclude>
    <ClInclude Include="System\CSceneImage.h">
      <Filter>ヘッダー ファイル\System</Filter>
    </ClInclude>
    <ClInclude Include="System\CSingleton.h">
      <Filter>ヘッダー ファイル\System</Filter>
    </ClInclude>
    <ClInclude Include="Scene\CSceneManager.h">
      <Filter>ヘッダー ファイル\Scene</Filter>
    </ClInclude>
    <ClInclude Include="Scene\CStageSelectScene.h">
      <Filter>ヘッダー ファイル\Scene</Filter>
    </ClInclude>
    <ClInclude Include="Game\Object\Boss\Behavior\CSquare1BossBehavior.h">
      <Filter>ヘッダー ファイル\Object\Enemy\Boss\Behavior</Filter>
    </ClInclude>
    <ClInclude Include="Game\Object\PlayerBullet\Weapon\CSpreadEnemyWeapon.h">
      <Filter>ヘッダー ファイル\Object\Enemy\Weapon</Filter>
    </ClInclude>
    <ClInclude Include="Scene\eScene.h">
      <Filter>ヘッダー ファイル\Scene</Filter>
    </ClInclude>
    <ClInclude Include="System\eKey.h">
      <Filter>ヘッダー ファイル\System</Filter>
    </ClInclude>
    <ClInclude Include="System\extern.h">
      <Filter>ヘッダー ファイル</Filter>
    </ClInclude>
    <ClInclude Include="Game\Object\HP\CBaseHP.h">
      <Filter>ヘッダー ファイル\Object\Enemy</Filter>
    </ClInclude>
    <ClInclude Include="Game\Object\HP\CBossHP.h">
      <Filter>ヘッダー ファイル\Object\Enemy\Boss</Filter>
    </ClInclude>
    <ClInclude Include="Game\Object\HP\CNormalHP.h">
      <Filter>ヘッダー ファイル\Object\Enemy</Filter>
    </ClInclude>
  </ItemGroup>
  <ItemGroup>
    <ResourceCompile Include="Resource.rc">
      <Filter>リソース ファイル</Filter>
    </ResourceCompile>
  </ItemGroup>
</Project>